PODS:
  - AFNetworking/NSURLSession (4.0.1):
    - AFNetworking/Reachability
    - AFNetworking/Security
    - AFNetworking/Serialization
  - AFNetworking/Reachability (4.0.1)
  - AFNetworking/Security (4.0.1)
  - AFNetworking/Serialization (4.0.1)
  - YDNetworkManager (0.0.5):
    - YTKNetwork
  - YTKNetwork (3.0.6):
    - AFNetworking/NSURLSession (~> 4.0)

DEPENDENCIES:
  - YDNetworkManager (from `./YDNetworkManager.podspec`)

SPEC REPOS:
  trunk:
    - AFNetworking
    - YTKNetwork

EXTERNAL SOURCES:
  YDNetworkManager:
    :path: "./YDNetworkManager.podspec"

SPEC CHECKSUMS:
  AFNetworking: 7864c38297c79aaca1500c33288e429c3451fdce
  YDNetworkManager: e72ef7270229d9ccca89f572b3d0bcc3d7a59122
  YTKNetwork: c16be90b06be003de9e9cd0d3b187cc8eaf35c04

PODFILE CHECKSUM: 994fbe5b05cfdbfe2b225c45cbb22d46905f0282

COCOAPODS: 1.11.0.beta.2
